
Microsoft Visual Studio Solution File, Format Version 11.00
# Visual Studio 2010
Project("{FAE04EC0-301F-11D3-BF4B-00C04F79EFBC}") = "Assembly-CSharp", "Assembly-CSharp.csproj", "{2B2F6207-AC7E-A879-7F50-90373573EFA6}"
EndProject
Project("{FAE04EC0-301F-11D3-BF4B-00C04F79EFBC}") = "Assembly-CSharp-Editor", "Assembly-CSharp-Editor.csproj", "{68B0C168-5F05-8B34-0828-0EB9B246D243}"
EndProject
Global
	GlobalSection(SolutionConfigurationPlatforms) = preSolution
		Debug|Any CPU = Debug|Any CPU
		Release|Any CPU = Release|Any CPU
	EndGlobalSection
	GlobalSection(ProjectConfigurationPlatforms) = postSolution
		{2B2F6207-AC7E-A879-7F50-90373573EFA6}.Debug|Any CPU.ActiveCfg = Debug|Any CPU
		{2B2F6207-AC7E-A879-7F50-90373573EFA6}.Debug|Any CPU.Build.0 = Debug|Any CPU
		{2B2F6207-AC7E-A879-7F50-90373573EFA6}.Release|Any CPU.ActiveCfg = Release|Any CPU
		{2B2F6207-AC7E-A879-7F50-90373573EFA6}.Release|Any CPU.Build.0 = Release|Any CPU
		{68B0C168-5F05-8B34-0828-0EB9B246D243}.Debug|Any CPU.ActiveCfg = Debug|Any CPU
		{68B0C168-5F05-8B34-0828-0EB9B246D243}.Debug|Any CPU.Build.0 = Debug|Any CPU
		{68B0C168-5F05-8B34-0828-0EB9B246D243}.Release|Any CPU.ActiveCfg = Release|Any CPU
		{68B0C168-5F05-8B34-0828-0EB9B246D243}.Release|Any CPU.Build.0 = Release|Any CPU
	EndGlobalSection
	GlobalSection(SolutionProperties) = preSolution
		HideSolutionNode = FALSE
	EndGlobalSection
	GlobalSection(MonoDevelopProperties) = preSolution
		StartupItem = Assembly-CSharp.csproj
	EndGlobalSection
EndGlobal
